github.com/client9/misspell v0.3.4/go.mod h1:qj6jICC3Q7zFZvVWo7KLAzC3yx5G7kyvSDkc90ppPyw=
github.com/cpustejovsky/ready-steady-go v0.0.0-20200902110719-91d747a1aa9a h1:hZmVewqE2sGPtg8x29cud0e3YfLQ5Ei1Alop63ziRoQ=
github.com/cpustejovsky/ready-steady-go/TDD v0.0.0-20200828014202-5fa4afa2ac05 h1:4LgOkUET3M08R+QN/s7BvW9dMBsmpnASEIEXWlWy2e4=
github.com/gorilla/websocket v1.4.2/go.mod h1:YR8l580nyteQvAITg2hZ9XVh4b55+EU/adAjf1fMHhE=
github.com/quii/learn-go-with-tests v0.0.0-20200706072622-24b7b9a3fa95 h1:SY+XkVbFO7T3tKezUi5gwQqGUkOGc+lq3yS8U+vot78=
github.com/quii/learn-go-with-tests v0.0.0-20200706072622-24b7b9a3fa95/go.mod h1:z+fI4klXdprhwnK63D6r41lKmD57Ets0anztNmN627c=
